Microsoft Visual Studio Solution File, Format Version 12.00
# Visual Studio Version 16
VisualStudioVersion = 16.0.30204.135
MinimumVisualStudioVersion = 10.0.40219.1
Project("{9A19103F-16F7-4668-BE54-9A1E7A4F7556}") = "Refashion", "Refashion\Refashion.csproj", "{251C9AD9-9651-48DC-8458-42F6FA0FBDDA}"
EndProject
Project("{FAE04EC0-301F-11D3-BF4B-00C04F79EFBC}") = "Refashion_WPF_UI", "Refashion_WPF_UI\Refashion_WPF_UI.csproj", "{5CB462F0-899D-4E03-ABA5-70833E4B0029}"
EndProject
Project("{FAE04EC0-301F-11D3-BF4B-00C04F79EFBC}") = "RefashionTest", "RefashionTest\RefashionTest.csproj", "{AC077A39-2088-490B-853B-42DE6C3AD5EE}"
EndProject
Global
	GlobalSection(SolutionConfigurationPlatforms) = preSolution
		Debug|Any CPU = Debug|Any CPU
		Release|Any CPU = Release|Any CPU
	EndGlobalSection
	GlobalSection(ProjectConfigurationPlatforms) = postSolution
		{251C9AD9-9651-48DC-8458-42F6FA0FBDDA}.Debug|Any CPU.ActiveCfg = Debug|Any CPU
		{251C9AD9-9651-48DC-8458-42F6FA0FBDDA}.Debug|Any CPU.Build.0 = Debug|Any CPU
		{251C9AD9-9651-48DC-8458-42F6FA0FBDDA}.Release|Any CPU.ActiveCfg = Release|Any CPU
		{251C9AD9-9651-48DC-8458-42F6FA0FBDDA}.Release|Any CPU.Build.0 = Release|Any CPU
		{5CB462F0-899D-4E03-ABA5-70833E4B0029}.Debug|Any CPU.ActiveCfg = Debug|Any CPU
		{5CB462F0-899D-4E03-ABA5-70833E4B0029}.Debug|Any CPU.Build.0 = Debug|Any CPU
		{5CB462F0-899D-4E03-ABA5-70833E4B0029}.Release|Any CPU.ActiveCfg = Release|Any CPU
		{5CB462F0-899D-4E03-ABA5-70833E4B0029}.Release|Any CPU.Build.0 = Release|Any CPU
		{AC077A39-2088-490B-853B-42DE6C3AD5EE}.Debug|Any CPU.ActiveCfg = Debug|Any CPU
		{AC077A39-2088-490B-853B-42DE6C3AD5EE}.Debug|Any CPU.Build.0 = Debug|Any CPU
		{AC077A39-2088-490B-853B-42DE6C3AD5EE}.Release|Any CPU.ActiveCfg = Release|Any CPU
		{AC077A39-2088-490B-853B-42DE6C3AD5EE}.Release|Any CPU.Build.0 = Release|Any CPU
	EndGlobalSection
	GlobalSection(SolutionProperties) = preSolution
		HideSolutionNode = FALSE
	EndGlobalSection
	GlobalSection(ExtensibilityGlobals) = postSolution
		SolutionGuid = {EAACF31C-975B-4631-9C84-F77479F00A43}
	EndGlobalSection
EndGlobal
